// !$*UTF8*$!
{
	archiveVersion = 1;
	classes = {
	};
	objectVersion = 46;
	objects = {

/* Begin PBXBuildFile section */
		AE888FC61C46D63800AD215F /* AppDelegate.swift in Sources */ = {isa = PBXBuildFile; fileRef = AE888FC51C46D63800AD215F /* AppDelegate.swift */; };
		AE888FC81C46D63800AD215F /* ViewController.swift in Sources */ = {isa = PBXBuildFile; fileRef = AE888FC71C46D63800AD215F /* ViewController.swift */; };
		AE888FCB1C46D63800AD215F /* Main.storyboard in Resources */ = {isa = PBXBuildFile; fileRef = AE888FC91C46D63800AD215F /* Main.storyboard */; };
		AE888FCD1C46D63800AD215F /* Assets.xcassets in Resources */ = {isa = PBXBuildFile; fileRef = AE888FCC1C46D63800AD215F /* Assets.xcassets */; };
		AE888FD01C46D63800AD215F /* LaunchScreen.storyboard in Resources */ = {isa = PBXBuildFile; fileRef = AE888FCE1C46D63800AD215F /* LaunchScreen.storyboard */; };
		AE888FD81C46FA6C00AD215F /* Minecraft.ttf in Resources */ = {isa = PBXBuildFile; fileRef = AE888FD71C46FA6C00AD215F /* Minecraft.ttf */; };
		AE888FDA1C47008100AD215F /* btn.wav in Resources */ = {isa = PBXBuildFile; fileRef = AE888FD91C47008100AD215F /* btn.wav */; };
/* End PBXBuildFile section */

/* Begin PBXFileReference section */
		AE888FC21C46D63800AD215F /* Retro Calculator.app */ = {isa = PBXFileReference; explicitFileType = wrapper.application; includeInIndex = 0; path = "Retro Calculator.app"; sourceTree = BUILT_PRODUCTS_DIR; };
		AE888FC51C46D63800AD215F /* AppDelegate.swift */ = {isa = PBXFileReference; lastKnownFileType = sourcecode.swift; path = AppDelegate.swift; sourceTree = "<group>"; };
		AE888FC71C46D63800AD215F /* ViewController.swift */ = {isa = PBXFileReference; lastKnownFileType = sourcecode.swift; path = ViewController.swift; sourceTree = "<group>"; };
		AE888FCA1C46D63800AD215F /* Base */ = {isa = PBXFileReference; lastKnownFileType = file.storyboard; name = Base; path = Base.lproj/Main.storyboard; sourceTree = "<group>"; };
		AE888FCC1C46D63800AD215F /* Assets.xcassets */ = {isa = PBXFileReference; lastKnownFileType = folder.assetcatalog; path = Assets.xcassets; sourceTree = "<group>"; };
		AE888FCF1C46D63800AD215F /* Base */ = {isa = PBXFileReference; lastKnownFileType = file.storyboard; name = Base; path = Base.lproj/LaunchScreen.storyboard; sourceTree = "<group>"; };
		AE888FD11C46D63800AD215F /* Info.plist */ = {isa = PBXFileReference; lastKnownFileType = text.plist.xml; path = Info.plist; sourceTree = "<group>"; };
		AE888FD71C46FA6C00AD215F /* Minecraft.ttf */ = {isa = PBXFileReference; lastKnownFileType = file; path = Minecraft.ttf; sourceTree = "<group>"; };
		AE888FD91C47008100AD215F /* btn.wav */ = {isa = PBXFileReference; lastKnownFileType = audio.wav; path = btn.wav; sourceTree = "<group>"; };
/* End PBXFileReference section */

/* Begin PBXFrameworksBuildPhase section */
		AE888FBF1C46D63800AD215F /* Frameworks */ = {
			isa = PBXFrameworksBuildPhase;
			buildActionMask = 2147483647;
			files = (
			);
			runOnlyForDeploymentPostprocessing = 0;
		};
/* End PBXFrameworksBuildPhase section */

/* Begin PBXGroup section */
		AE888FB91C46D63800AD215F = {
			isa = PBXGroup;
			children = (
				AE888FD91C47008100AD215F /* btn.wav */,
				AE888FD71C46FA6C00AD215F /* Minecraft.ttf */,
				AE888FC41C46D63800AD215F /* Retro Calculator */,
				AE888FC31C46D63800AD215F /* Products */,
			);
			sourceTree = "<group>";
		};
		AE888FC31C46D63800AD215F /* Products */ = {
			isa = PBXGroup;
			children = (
				AE888FC21C46D63800AD215F /* Retro Calculator.app */,
			);
			name = Products;
			sourceTree = "<group>";
		};
		AE888FC41C46D63800AD215F /* Retro Calculator */ = {
			isa = PBXGroup;
			children = (
				AE888FC51C46D63800AD215F /* AppDelegate.swift */,
				AE888FC71C46D63800AD215F /* ViewController.swift */,
				AE888FC91C46D63800AD215F /* Main.storyboard */,
				AE888FCC1C46D63800AD215F /* Assets.xcassets */,
				AE888FCE1C46D63800AD215F /* LaunchScreen.storyboard */,
				AE888FD11C46D63800AD215F /* Info.plist */,
			);
			path = "Retro Calculator";
			sourceTree = "<group>";
		};
/* End PBXGroup section */

/* Begin PBXNativeTarget section */
		AE888FC11C46D63800AD215F /* Retro Calculator */ = {
			isa = PBXNativeTarget;
			buildConfigurationList = AE888FD41C46D63800AD215F /* Build configuration list for PBXNativeTarget "Retro Calculator" */;
			buildPhases = (
				AE888FBE1C46D63800AD215F /* Sources */,
				AE888FBF1C46D63800AD215F /* Frameworks */,
				AE888FC01C46D63800AD215F /* Resources */,
			);
			buildRules = (
			);
			dependencies = (
			);
			name = "Retro Calculator";
			productName = "Retro Calculator";
			productReference = AE888FC21C46D63800AD215F /* Retro Calculator.app */;
			productType = "com.apple.product-type.application";
		};
/* End PBXNativeTarget section */

/* Begin PBXProject section */
		AE888FBA1C46D63800AD215F /* Project object */ = {
			isa = PBXProject;
			attributes = {
				LastSwiftUpdateCheck = 0720;
				LastUpgradeCheck = 0720;
				ORGANIZATIONNAME = pinej;
				TargetAttributes = {
					AE888FC11C46D63800AD215F = {
						CreatedOnToolsVersion = 7.2;
						DevelopmentTeam = TH33V5EXTB;
					};
				};
			};
			buildConfigurationList = AE888FBD1C46D63800AD215F /* Build configuration list for PBXProject "Retro Calculator" */;
			compatibilityVersion = "Xcode 3.2";
			developmentRegion = English;
			hasScannedForEncodings = 0;
			knownRegions = (
				en,
				Base,
			);
			mainGroup = AE888FB91C46D63800AD215F;
			productRefGroup = AE888FC31C46D63800AD215F /* Products */;
			projectDirPath = "";
			projectRoot = "";
			targets = (
				AE888FC11C46D63800AD215F /* Retro Calculator */,
			);
		};
/* End PBXProject section */

/* Begin PBXResourcesBuildPhase section */
		AE888FC01C46D63800AD215F /* Resources */ = {
			isa = PBXResourcesBuildPhase;
			buildActionMask = 2147483647;
			files = (
				AE888FDA1C47008100AD215F /* btn.wav in Resources */,
				AE888FD01C46D63800AD215F /* LaunchScreen.storyboard in Resources */,
				AE888FCD1C46D63800AD215F /* Assets.xcassets in Resources */,
				AE888FD81C46FA6C00AD215F /* Minecraft.ttf in Resources */,
				AE888FCB1C46D63800AD215F /* Main.storyboard in Resources */,
			);
			runOnlyForDeploymentPostprocessing = 0;
		};
/* End PBXResourcesBuildPhase section */

/* Begin PBXSourcesBuildPhase section */
		AE888FBE1C46D63800AD215F /* Sources */ = {
			isa = PBXSourcesBuildPhase;
			buildActionMask = 2147483647;
			files = (
				AE888FC81C46D63800AD215F /* ViewController.swift in Sources */,
				AE888FC61C46D63800AD215F /* AppDelegate.swift in Sources */,
			);
			runOnlyForDeploymentPostprocessing = 0;
		};
/* End PBXSourcesBuildPhase section */

/* Begin PBXVariantGroup section */
		AE888FC91C46D63800AD215F /* Main.storyboard */ = {
			isa = PBXVariantGroup;
			children = (
				AE888FCA1C46D63800AD215F /* Base */,
			);
			name = Main.storyboard;
			sourceTree = "<group>";
		};
		AE888FCE1C46D63800AD215F /* LaunchScreen.storyboard */ = {
			isa = PBXVariantGroup;
			children = (
				AE888FCF1C46D63800AD215F /* Base */,
			);
			name = LaunchScreen.storyboard;
			sourceTree = "<group>";
		};
/* End PBXVariantGroup section */

/* Begin XCBuildConfiguration section */
		AE888FD21C46D63800AD215F /* Debug */ = {
			isa = XCBuildConfiguration;
			buildSettings = {
				ALWAYS_SEARCH_USER_PATHS = NO;
				CLANG_CXX_LANGUAGE_STANDARD = "gnu++0x";
				CLANG_CXX_LIBRARY = "libc++";
				CLANG_ENABLE_MODULES = YES;
				CLANG_ENABLE_OBJC_ARC = YES;
				CLANG_WARN_BOOL_CONVERSION = YES;
				CLANG_WARN_CONSTANT_CONVERSION = YES;
				CLANG_WARN_DIRECT_OBJC_ISA_USAGE = YES_ERROR;
				CLANG_WARN_EMPTY_BODY = YES;
				CLANG_WARN_ENUM_CONVERSION = YES;
				CLANG_WARN_INT_CONVERSION = YES;
				CLANG_WARN_OBJC_ROOT_CLASS = YES_ERROR;
				CLANG_WARN_UNREACHABLE_CODE = YES;
				CLANG_WARN__DUPLICATE_METHOD_MATCH = YES;
				"CODE_SIGN_IDENTITY[sdk=iphoneos*]" = "iPhone Developer";
				COPY_PHASE_STRIP = NO;
				DEBUG_INFORMATION_FORMAT = dwarf;
				ENABLE_STRICT_OBJC_MSGSEND = YES;
				ENABLE_TESTABILITY = YES;
				GCC_C_LANGUAGE_STANDARD = gnu99;
				GCC_DYNAMIC_NO_PIC = NO;
				GCC_NO_COMMON_BLOCKS = YES;
				GCC_OPTIMIZATION_LEVEL = 0;
				GCC_PREPROCESSOR_DEFINITIONS = (
					"DEBUG=1",
					"$(inherited)",
				);
				GCC_WARN_64_TO_32_BIT_CONVERSION = YES;
				GCC_WARN_ABOUT_RETURN_TYPE = YES_ERROR;
				GCC_WARN_UNDECLARED_SELECTOR = YES;
				GCC_WARN_UNINITIALIZED_AUTOS = YES_AGGRESSIVE;
				GCC_WARN_UNUSED_FUNCTION = YES;
				GCC_WARN_UNUSED_VARIABLE = YES;
				IPHONEOS_DEPLOYMENT_TARGET = 9.2;
				MTL_ENABLE_DEBUG_INFO = YES;
				ONLY_ACTIVE_ARCH = YES;
				SDKROOT = iphoneos;
				SWIFT_OPTIMIZATION_LEVEL = "-Onone";
			};
			name = Debug;
		};
		AE888FD31C46D63800AD215F /* Release */ = {
			isa = XCBuildConfiguration;
			buildSettings = {
				ALWAYS_SEARCH_USER_PATHS = NO;
				CLANG_CXX_LANGUAGE_STANDARD = "gnu++0x";
				CLANG_CXX_LIBRARY = "libc++";
				CLANG_ENABLE_MODULES = YES;
				CLANG_ENABLE_OBJC_ARC = YES;
				CLANG_WARN_BOOL_CONVERSION = YES;
				CLANG_WARN_CONSTANT_CONVERSION = YES;
				CLANG_WARN_DIRECT_OBJC_ISA_USAGE = YES_ERROR;
				CLANG_WARN_EMPTY_BODY = YES;
				CLANG_WARN_ENUM_CONVERSION = YES;
				CLANG_WARN_INT_CONVERSION = YES;
				CLANG_WARN_OBJC_ROOT_CLASS = YES_ERROR;
				CLANG_WARN_UNREACHABLE_CODE = YES;
				CLANG_WARN__DUPLICATE_METHOD_MATCH = YES;
				"CODE_SIGN_IDENTITY[sdk=iphoneos*]" = "iPhone Developer";
				COPY_PHASE_STRIP = NO;
				DEBUG_INFORMATION_FORMAT = "dwarf-with-dsym";
				ENABLE_NS_ASSERTIONS = NO;
				ENABLE_STRICT_OBJC_MSGSEND = YES;
				GCC_C_LANGUAGE_STANDARD = gnu99;
				GCC_NO_COMMON_BLOCKS = YES;
				GCC_WARN_64_TO_32_BIT_CONVERSION = YES;
				GCC_WARN_ABOUT_RETURN_TYPE = YES_ERROR;
				GCC_WARN_UNDECLARED_SELECTOR = YES;
				GCC_WARN_UNINITIALIZED_AUTOS = YES_AGGRESSIVE;
				GCC_WARN_UNUSED_FUNCTION = YES;
				GCC_WARN_UNUSED_VARIABLE = YES;
				IPHONEOS_DEPLOYMENT_TARGET = 9.2;
				MTL_ENABLE_DEBUG_INFO = NO;
				SDKROOT = iphoneos;
				VALIDATE_PRODUCT = YES;
			};
			name = Release;
		};
		AE888FD51C46D63800AD215F /* Debug */ = {
			isa = XCBuildConfiguration;
			buildSettings = {
				ASSETCATALOG_COMPILER_APPICON_NAME = AppIcon;
				INFOPLIST_FILE = "Retro Calculator/Info.plist";
				LD_RUNPATH_SEARCH_PATHS = "$(inherited) @executable_path/Frameworks";
				PRODUCT_BUNDLE_IDENTIFIER = "com.pinej.Retro-Calculator";
				PRODUCT_NAME = "$(TARGET_NAME)";
			};
			name = Debug;
		};
		AE888FD61C46D63800AD215F /* Release */ = {
			isa = XCBuildConfiguration;
			buildSettings = {
				ASSETCATALOG_COMPILER_APPICON_NAME = AppIcon;
				INFOPLIST_FILE = "Retro Calculator/Info.plist";
				LD_RUNPATH_SEARCH_PATHS = "$(inherited) @executable_path/Frameworks";
				PRODUCT_BUNDLE_IDENTIFIER = "com.pinej.Retro-Calculator";
				PRODUCT_NAME = "$(TARGET_NAME)";
			};
			name = Release;
		};
/* End XCBuildConfiguration section */

/* Begin XCConfigurationList section */
		AE888FBD1C46D63800AD215F /* Build configuration list for PBXProject "Retro Calculator" */ = {
			isa = XCConfigurationList;
			buildConfigurations = (
				AE888FD21C46D63800AD215F /* Debug */,
				AE888FD31C46D63800AD215F /* Release */,
			);
			defaultConfigurationIsVisible = 0;
			defaultConfigurationName = Release;
		};
		AE888FD41C46D63800AD215F /* Build configuration list for PBXNativeTarget "Retro Calculator" */ = {
			isa = XCConfigurationList;
			buildConfigurations = (
				AE888FD51C46D63800AD215F /* Debug */,
				AE888FD61C46D63800AD215F /* Release */,
			);
			defaultConfigurationIsVisible = 0;
		};
/* End XCConfigurationList section */
	};
	rootObject = AE888FBA1C46D63800AD215F /* Project object */;
}
